
Microsoft Visual Studio Solution File, Format Version 12.00
# Visual Studio Version 17
VisualStudioVersion = 17.14.36804.6 d17.14
MinimumVisualStudioVersion = 10.0.40219.1
Project("{FAE04EC0-301F-11D3-BF4B-00C04F79EFBC}") = "EmpDATA", "EmpDATA\EmpDATA.csproj", "{C957EA3A-DBE9-45FB-928C-83DAA80CA00F}"
EndProject
Global
	GlobalSection(SolutionConfigurationPlatforms) = preSolution
		Debug|Any CPU = Debug|Any CPU
		Release|Any CPU = Release|Any CPU
	EndGlobalSection
	GlobalSection(ProjectConfigurationPlatforms) = postSolution
		{C957EA3A-DBE9-45FB-928C-83DAA80CA00F}.Debug|Any CPU.ActiveCfg = Debug|Any CPU
		{C957EA3A-DBE9-45FB-928C-83DAA80CA00F}.Debug|Any CPU.Build.0 = Debug|Any CPU
		{C957EA3A-DBE9-45FB-928C-83DAA80CA00F}.Release|Any CPU.ActiveCfg = Release|Any CPU
		{C957EA3A-DBE9-45FB-928C-83DAA80CA00F}.Release|Any CPU.Build.0 = Release|Any CPU
	EndGlobalSection
	GlobalSection(SolutionProperties) = preSolution
		HideSolutionNode = FALSE
	EndGlobalSection
	GlobalSection(ExtensibilityGlobals) = postSolution
		SolutionGuid = {FCFB7DAF-5924-40A4-9EF3-7F131E762939}
	EndGlobalSection
EndGlobal
